
Microsoft Visual Studio Solution File, Format Version 12.00
# Visual Studio Version 17
VisualStudioVersion = 17.4.33205.214
MinimumVisualStudioVersion = 10.0.40219.1
Project("{9A19103F-16F7-4668-BE54-9A1E7A4F7556}") = "Board", "..\..\Workspace\Board\Board.csproj", "{E1326C62-7E08-40D6-BF74-E1D4227B89C3}"
EndProject
Global
	GlobalSection(SolutionConfigurationPlatforms) = preSolution
		Debug|Any CPU = Debug|Any CPU
		Release|Any CPU = Release|Any CPU
	EndGlobalSection
	GlobalSection(ProjectConfigurationPlatforms) = postSolution
		{E1326C62-7E08-40D6-BF74-E1D4227B89C3}.Debug|Any CPU.ActiveCfg = Debug|Any CPU
		{E1326C62-7E08-40D6-BF74-E1D4227B89C3}.Debug|Any CPU.Build.0 = Debug|Any CPU
		{E1326C62-7E08-40D6-BF74-E1D4227B89C3}.Release|Any CPU.ActiveCfg = Release|Any CPU
		{E1326C62-7E08-40D6-BF74-E1D4227B89C3}.Release|Any CPU.Build.0 = Release|Any CPU
	EndGlobalSection
	GlobalSection(SolutionProperties) = preSolution
		HideSolutionNode = FALSE
	EndGlobalSection
	GlobalSection(ExtensibilityGlobals) = postSolution
		SolutionGuid = {A19336C3-41FB-4BDA-94D6-C4F0B63E4CA2}
	EndGlobalSection
EndGlobal
