
Microsoft Visual Studio Solution File, Format Version 12.00
# Visual Studio Version 17
VisualStudioVersion = 17.4.33205.214
MinimumVisualStudioVersion = 10.0.40219.1
Project("{FAE04EC0-301F-11D3-BF4B-00C04F79EFBC}") = "Board", "Board.csproj", "{B77D0335-A7AC-486C-9C3A-C8C9368A136F}"
EndProject
Global
	GlobalSection(SolutionConfigurationPlatforms) = preSolution
		Debug|Any CPU = Debug|Any CPU
		Release|Any CPU = Release|Any CPU
	EndGlobalSection
	GlobalSection(ProjectConfigurationPlatforms) = postSolution
		{B77D0335-A7AC-486C-9C3A-C8C9368A136F}.Debug|Any CPU.ActiveCfg = Debug|Any CPU
		{B77D0335-A7AC-486C-9C3A-C8C9368A136F}.Debug|Any CPU.Build.0 = Debug|Any CPU
		{B77D0335-A7AC-486C-9C3A-C8C9368A136F}.Release|Any CPU.ActiveCfg = Release|Any CPU
		{B77D0335-A7AC-486C-9C3A-C8C9368A136F}.Release|Any CPU.Build.0 = Release|Any CPU
	EndGlobalSection
	GlobalSection(SolutionProperties) = preSolution
		HideSolutionNode = FALSE
	EndGlobalSection
	GlobalSection(ExtensibilityGlobals) = postSolution
		SolutionGuid = {A19336C3-41FB-4BDA-94D6-C4F0B63E4CA2}
	EndGlobalSection
EndGlobal
